{
  "name": "serverless-cqrs",
  "version": "0.0.1",
  "lockfileVersion": 1,
  "requires": true,
  "dependencies": {
    "serverless-cqrs.read-model": {
      "version": "git+https://github.com/serverless-cqrs/read-model.git#668ec9de332b65537a8c83e36b63cdc54a949d3a"
    },
    "serverless-cqrs.write-model": {
      "version": "git+https://github.com/serverless-cqrs/write-model.git#09630e51b7957222bac27f0b8b760d3890052dd1"
    }
  }
}
