{
  "name": "serverless-cqrs",
  "version": "0.0.1",
  "lockfileVersion": 1,
  "requires": true,
  "dependencies": {
    "serverless-cqrs.read-model": {
      "version": "git+https://github.com/serverless-cqrs/read-model.git#04172bfa1d2cbd62b1cedca2aa38c86baec5ec99"
    },
    "serverless-cqrs.write-model": {
      "version": "git+https://github.com/serverless-cqrs/write-model.git#09630e51b7957222bac27f0b8b760d3890052dd1"
    }
  }
}
