{
  "name": "serverless-cqrs",
  "version": "0.0.4",
  "lockfileVersion": 1,
  "requires": true,
  "dependencies": {
    "serverless-cqrs.read-model": {
      "version": "git+https://github.com/serverless-cqrs/read-model.git#692773625153220706ffba31f872cc9761130619",
      "from": "git+https://github.com/serverless-cqrs/read-model.git"
    },
    "serverless-cqrs.write-model": {
      "version": "git+https://github.com/serverless-cqrs/write-model.git#918294e6f0930b43e896d1a9717cd98ccbd03880",
      "from": "git+https://github.com/serverless-cqrs/write-model.git"
    }
  }
}
